
Microsoft Visual Studio Solution File, Format Version 12.00
# Visual Studio Version 16
VisualStudioVersion = 16.0.30709.132
MinimumVisualStudioVersion = 10.0.40219.1
Project("{FAE04EC0-301F-11D3-BF4B-00C04F79EFBC}") = "TicketerAPI", "TicketerAPI\TicketerAPI.csproj", "{C8012705-B26F-4F33-8E4D-C33387E73A4E}"
EndProject
Global
	GlobalSection(SolutionConfigurationPlatforms) = preSolution
		Debug|Any CPU = Debug|Any CPU
		Release|Any CPU = Release|Any CPU
	EndGlobalSection
	GlobalSection(ProjectConfigurationPlatforms) = postSolution
		{C8012705-B26F-4F33-8E4D-C33387E73A4E}.Debug|Any CPU.ActiveCfg = Debug|Any CPU
		{C8012705-B26F-4F33-8E4D-C33387E73A4E}.Debug|Any CPU.Build.0 = Debug|Any CPU
		{C8012705-B26F-4F33-8E4D-C33387E73A4E}.Release|Any CPU.ActiveCfg = Release|Any CPU
		{C8012705-B26F-4F33-8E4D-C33387E73A4E}.Release|Any CPU.Build.0 = Release|Any CPU
	EndGlobalSection
	GlobalSection(SolutionProperties) = preSolution
		HideSolutionNode = FALSE
	EndGlobalSection
	GlobalSection(ExtensibilityGlobals) = postSolution
		SolutionGuid = {078592A5-536A-424C-978F-D12029BFF3A1}
	EndGlobalSection
EndGlobal
